// !$*UTF8*$!
{
	archiveVersion = 1;
	classes = {
	};
	objectVersion = 46;
	objects = {

/* Begin PBXBuildFile section */
		053939801CB45995006D73B5 /* EventTableViewController.swift in Sources */ = {isa = PBXBuildFile; fileRef = 0539397D1CB45995006D73B5 /* EventTableViewController.swift */; };
		053939811CB45995006D73B5 /* DetailViewController.swift in Sources */ = {isa = PBXBuildFile; fileRef = 0539397E1CB45995006D73B5 /* DetailViewController.swift */; };
		053939821CB45995006D73B5 /* CreateViewController.swift in Sources */ = {isa = PBXBuildFile; fileRef = 0539397F1CB45995006D73B5 /* CreateViewController.swift */; };
		D3C5A54D1CB9985A00134715 /* attendence.csv in Resources */ = {isa = PBXBuildFile; fileRef = D3C5A54C1CB9985A00134715 /* attendence.csv */; };
		F3CAD9E41CADDC420036B8E9 /* AppDelegate.swift in Sources */ = {isa = PBXBuildFile; fileRef = F3CAD9E31CADDC420036B8E9 /* AppDelegate.swift */; };
		F3CAD9EB1CADDC420036B8E9 /* Assets.xcassets in Resources */ = {isa = PBXBuildFile; fileRef = F3CAD9EA1CADDC420036B8E9 /* Assets.xcassets */; };
		F3CAD9EE1CADDC420036B8E9 /* LaunchScreen.storyboard in Resources */ = {isa = PBXBuildFile; fileRef = F3CAD9EC1CADDC420036B8E9 /* LaunchScreen.storyboard */; };
		F3CAD9F91CADDC420036B8E9 /* GEmockTests.swift in Sources */ = {isa = PBXBuildFile; fileRef = F3CAD9F81CADDC420036B8E9 /* GEmockTests.swift */; };
		F3CADA041CADDC420036B8E9 /* GEmockUITests.swift in Sources */ = {isa = PBXBuildFile; fileRef = F3CADA031CADDC420036B8E9 /* GEmockUITests.swift */; };
		F3F34B561CB5741000FD8F70 /* Main.storyboard in Resources */ = {isa = PBXBuildFile; fileRef = F3F34B541CB5741000FD8F70 /* Main.storyboard */; };
		F3F34B591CB5750C00FD8F70 /* Model.xcdatamodeld in Sources */ = {isa = PBXBuildFile; fileRef = F3F34B571CB5750C00FD8F70 /* Model.xcdatamodeld */; };
/* End PBXBuildFile section */

/* Begin PBXContainerItemProxy section */
		F3CAD9F51CADDC420036B8E9 /* PBXContainerItemProxy */ = {
			isa = PBXContainerItemProxy;
			containerPortal = F3CAD9D81CADDC420036B8E9 /* Project object */;
			proxyType = 1;
			remoteGlobalIDString = F3CAD9DF1CADDC420036B8E9;
			remoteInfo = GEmock;
		};
		F3CADA001CADDC420036B8E9 /* PBXContainerItemProxy */ = {
			isa = PBXContainerItemProxy;
			containerPortal = F3CAD9D81CADDC420036B8E9 /* Project object */;
			proxyType = 1;
			remoteGlobalIDString = F3CAD9DF1CADDC420036B8E9;
			remoteInfo = GEmock;
		};
/* End PBXContainerItemProxy section */

/* Begin PBXFileReference section */
		0539397D1CB45995006D73B5 /* EventTableViewController.swift */ = {isa = PBXFileReference; fileEncoding = 4; lastKnownFileType = sourcecode.swift; path = EventTableViewController.swift; sourceTree = "<group>"; };
		0539397E1CB45995006D73B5 /* DetailViewController.swift */ = {isa = PBXFileReference; fileEncoding = 4; lastKnownFileType = sourcecode.swift; path = DetailViewController.swift; sourceTree = "<group>"; };
		0539397F1CB45995006D73B5 /* CreateViewController.swift */ = {isa = PBXFileReference; fileEncoding = 4; lastKnownFileType = sourcecode.swift; path = CreateViewController.swift; sourceTree = "<group>"; };
		D3C5A54C1CB9985A00134715 /* attendence.csv */ = {isa = PBXFileReference; fileEncoding = 4; lastKnownFileType = text; name = attendence.csv; path = "Supporting Files/attendence.csv"; sourceTree = "<group>"; };
		F3CAD9E01CADDC420036B8E9 /* GEmock.app */ = {isa = PBXFileReference; explicitFileType = wrapper.application; includeInIndex = 0; path = GEmock.app; sourceTree = BUILT_PRODUCTS_DIR; };
		F3CAD9E31CADDC420036B8E9 /* AppDelegate.swift */ = {isa = PBXFileReference; fileEncoding = 4; lastKnownFileType = sourcecode.swift; path = AppDelegate.swift; sourceTree = "<group>"; };
		F3CAD9EA1CADDC420036B8E9 /* Assets.xcassets */ = {isa = PBXFileReference; lastKnownFileType = folder.assetcatalog; path = Assets.xcassets; sourceTree = "<group>"; };
		F3CAD9ED1CADDC420036B8E9 /* Base */ = {isa = PBXFileReference; lastKnownFileType = file.storyboard; name = Base; path = Base.lproj/LaunchScreen.storyboard; sourceTree = "<group>"; };
		F3CAD9EF1CADDC420036B8E9 /* Info.plist */ = {isa = PBXFileReference; lastKnownFileType = text.plist.xml; path = Info.plist; sourceTree = "<group>"; };
		F3CAD9F41CADDC420036B8E9 /* GEmockTests.xctest */ = {isa = PBXFileReference; explicitFileType = wrapper.cfbundle; includeInIndex = 0; path = GEmockTests.xctest; sourceTree = BUILT_PRODUCTS_DIR; };
		F3CAD9F81CADDC420036B8E9 /* GEmockTests.swift */ = {isa = PBXFileReference; lastKnownFileType = sourcecode.swift; path = GEmockTests.swift; sourceTree = "<group>"; };
		F3CAD9FA1CADDC420036B8E9 /* Info.plist */ = {isa = PBXFileReference; lastKnownFileType = text.plist.xml; path = Info.plist; sourceTree = "<group>"; };
		F3CAD9FF1CADDC420036B8E9 /* GEmockUITests.xctest */ = {isa = PBXFileReference; explicitFileType = wrapper.cfbundle; includeInIndex = 0; path = GEmockUITests.xctest; sourceTree = BUILT_PRODUCTS_DIR; };
		F3CADA031CADDC420036B8E9 /* GEmockUITests.swift */ = {isa = PBXFileReference; lastKnownFileType = sourcecode.swift; path = GEmockUITests.swift; sourceTree = "<group>"; };
		F3CADA051CADDC420036B8E9 /* Info.plist */ = {isa = PBXFileReference; lastKnownFileType = text.plist.xml; path = Info.plist; sourceTree = "<group>"; };
		F3F34B551CB5741000FD8F70 /* Base */ = {isa = PBXFileReference; lastKnownFileType = file.storyboard; name = Base; path = Base.lproj/Main.storyboard; sourceTree = "<group>"; };
		F3F34B581CB5750C00FD8F70 /* Model.xcdatamodel */ = {isa = PBXFileReference; lastKnownFileType = wrapper.xcdatamodel; path = Model.xcdatamodel; sourceTree = "<group>"; };
/* End PBXFileReference section */

/* Begin PBXFrameworksBuildPhase section */
		F3CAD9DD1CADDC420036B8E9 /* Frameworks */ = {
			isa = PBXFrameworksBuildPhase;
			buildActionMask = 2147483647;
			files = (
			);
			runOnlyForDeploymentPostprocessing = 0;
		};
		F3CAD9F11CADDC420036B8E9 /* Frameworks */ = {
			isa = PBXFrameworksBuildPhase;
			buildActionMask = 2147483647;
			files = (
			);
			runOnlyForDeploymentPostprocessing = 0;
		};
		F3CAD9FC1CADDC420036B8E9 /* Frameworks */ = {
			isa = PBXFrameworksBuildPhase;
			buildActionMask = 2147483647;
			files = (
			);
			runOnlyForDeploymentPostprocessing = 0;
		};
/* End PBXFrameworksBuildPhase section */

/* Begin PBXGroup section */
		D3C5A54B1CB997FA00134715 /* Assets */ = {
			isa = PBXGroup;
			children = (
				D3C5A54C1CB9985A00134715 /* attendence.csv */,
			);
			name = Assets;
			sourceTree = "<group>";
		};
		F3CAD9D71CADDC420036B8E9 = {
			isa = PBXGroup;
			children = (
				F3CAD9E21CADDC420036B8E9 /* GEmock */,
				D3C5A54B1CB997FA00134715 /* Assets */,
				F3CAD9F71CADDC420036B8E9 /* GEmockTests */,
				F3CADA021CADDC420036B8E9 /* GEmockUITests */,
				F3CAD9E11CADDC420036B8E9 /* Products */,
			);
			sourceTree = "<group>";
		};
		F3CAD9E11CADDC420036B8E9 /* Products */ = {
			isa = PBXGroup;
			children = (
				F3CAD9E01CADDC420036B8E9 /* GEmock.app */,
				F3CAD9F41CADDC420036B8E9 /* GEmockTests.xctest */,
				F3CAD9FF1CADDC420036B8E9 /* GEmockUITests.xctest */,
			);
			name = Products;
			sourceTree = "<group>";
		};
		F3CAD9E21CADDC420036B8E9 /* GEmock */ = {
			isa = PBXGroup;
			children = (
				F3F34B541CB5741000FD8F70 /* Main.storyboard */,
				F3F34B571CB5750C00FD8F70 /* Model.xcdatamodeld */,
				0539397D1CB45995006D73B5 /* EventTableViewController.swift */,
				0539397E1CB45995006D73B5 /* DetailViewController.swift */,
				0539397F1CB45995006D73B5 /* CreateViewController.swift */,
				F3CAD9E31CADDC420036B8E9 /* AppDelegate.swift */,
				F3CAD9EA1CADDC420036B8E9 /* Assets.xcassets */,
				F3CAD9EC1CADDC420036B8E9 /* LaunchScreen.storyboard */,
				F3CAD9EF1CADDC420036B8E9 /* Info.plist */,
			);
			path = GEmock;
			sourceTree = "<group>";
		};
		F3CAD9F71CADDC420036B8E9 /* GEmockTests */ = {
			isa = PBXGroup;
			children = (
				F3CAD9F81CADDC420036B8E9 /* GEmockTests.swift */,
				F3CAD9FA1CADDC420036B8E9 /* Info.plist */,
			);
			path = GEmockTests;
			sourceTree = "<group>";
		};
		F3CADA021CADDC420036B8E9 /* GEmockUITests */ = {
			isa = PBXGroup;
			children = (
				F3CADA031CADDC420036B8E9 /* GEmockUITests.swift */,
				F3CADA051CADDC420036B8E9 /* Info.plist */,
			);
			path = GEmockUITests;
			sourceTree = "<group>";
		};
/* End PBXGroup section */

/* Begin PBXNativeTarget section */
		F3CAD9DF1CADDC420036B8E9 /* GEmock */ = {
			isa = PBXNativeTarget;
			buildConfigurationList = F3CADA081CADDC420036B8E9 /* Build configuration list for PBXNativeTarget "GEmock" */;
			buildPhases = (
				F3CAD9DC1CADDC420036B8E9 /* Sources */,
				F3CAD9DD1CADDC420036B8E9 /* Frameworks */,
				F3CAD9DE1CADDC420036B8E9 /* Resources */,
			);
			buildRules = (
			);
			dependencies = (
			);
			name = GEmock;
			productName = GEmock;
			productReference = F3CAD9E01CADDC420036B8E9 /* GEmock.app */;
			productType = "com.apple.product-type.application";
		};
		F3CAD9F31CADDC420036B8E9 /* GEmockTests */ = {
			isa = PBXNativeTarget;
			buildConfigurationList = F3CADA0B1CADDC420036B8E9 /* Build configuration list for PBXNativeTarget "GEmockTests" */;
			buildPhases = (
				F3CAD9F01CADDC420036B8E9 /* Sources */,
				F3CAD9F11CADDC420036B8E9 /* Frameworks */,
				F3CAD9F21CADDC420036B8E9 /* Resources */,
			);
			buildRules = (
			);
			dependencies = (
				F3CAD9F61CADDC420036B8E9 /* PBXTargetDependency */,
			);
			name = GEmockTests;
			productName = GEmockTests;
			productReference = F3CAD9F41CADDC420036B8E9 /* GEmockTests.xctest */;
			productType = "com.apple.product-type.bundle.unit-test";
		};
		F3CAD9FE1CADDC420036B8E9 /* GEmockUITests */ = {
			isa = PBXNativeTarget;
			buildConfigurationList = F3CADA0E1CADDC420036B8E9 /* Build configuration list for PBXNativeTarget "GEmockUITests" */;
			buildPhases = (
				F3CAD9FB1CADDC420036B8E9 /* Sources */,
				F3CAD9FC1CADDC420036B8E9 /* Frameworks */,
				F3CAD9FD1CADDC420036B8E9 /* Resources */,
			);
			buildRules = (
			);
			dependencies = (
				F3CADA011CADDC420036B8E9 /* PBXTargetDependency */,
			);
			name = GEmockUITests;
			productName = GEmockUITests;
			productReference = F3CAD9FF1CADDC420036B8E9 /* GEmockUITests.xctest */;
			productType = "com.apple.product-type.bundle.ui-testing";
		};
/* End PBXNativeTarget section */

/* Begin PBXProject section */
		F3CAD9D81CADDC420036B8E9 /* Project object */ = {
			isa = PBXProject;
			attributes = {
				LastSwiftUpdateCheck = 0730;
				LastUpgradeCheck = 0730;
				ORGANIZATIONNAME = "Yushi xiao";
				TargetAttributes = {
					F3CAD9DF1CADDC420036B8E9 = {
						CreatedOnToolsVersion = 7.3;
						DevelopmentTeam = N4MFK7KF2J;
					};
					F3CAD9F31CADDC420036B8E9 = {
						CreatedOnToolsVersion = 7.3;
						DevelopmentTeam = 2947US2W32;
						TestTargetID = F3CAD9DF1CADDC420036B8E9;
					};
					F3CAD9FE1CADDC420036B8E9 = {
						CreatedOnToolsVersion = 7.3;
						DevelopmentTeam = 2947US2W32;
						TestTargetID = F3CAD9DF1CADDC420036B8E9;
					};
				};
			};
			buildConfigurationList = F3CAD9DB1CADDC420036B8E9 /* Build configuration list for PBXProject "GEmock" */;
			compatibilityVersion = "Xcode 3.2";
			developmentRegion = English;
			hasScannedForEncodings = 0;
			knownRegions = (
				en,
				Base,
			);
			mainGroup = F3CAD9D71CADDC420036B8E9;
			productRefGroup = F3CAD9E11CADDC420036B8E9 /* Products */;
			projectDirPath = "";
			projectRoot = "";
			targets = (
				F3CAD9DF1CADDC420036B8E9 /* GEmock */,
				F3CAD9F31CADDC420036B8E9 /* GEmockTests */,
				F3CAD9FE1CADDC420036B8E9 /* GEmockUITests */,
			);
		};
/* End PBXProject section */

/* Begin PBXResourcesBuildPhase section */
		F3CAD9DE1CADDC420036B8E9 /* Resources */ = {
			isa = PBXResourcesBuildPhase;
			buildActionMask = 2147483647;
			files = (
				F3CAD9EE1CADDC420036B8E9 /* LaunchScreen.storyboard in Resources */,
				F3CAD9EB1CADDC420036B8E9 /* Assets.xcassets in Resources */,
				F3F34B561CB5741000FD8F70 /* Main.storyboard in Resources */,
				D3C5A54D1CB9985A00134715 /* attendence.csv in Resources */,
			);
			runOnlyForDeploymentPostprocessing = 0;
		};
		F3CAD9F21CADDC420036B8E9 /* Resources */ = {
			isa = PBXResourcesBuildPhase;
			buildActionMask = 2147483647;
			files = (
			);
			runOnlyForDeploymentPostprocessing = 0;
		};
		F3CAD9FD1CADDC420036B8E9 /* Resources */ = {
			isa = PBXResourcesBuildPhase;
			buildActionMask = 2147483647;
			files = (
			);
			runOnlyForDeploymentPostprocessing = 0;
		};
/* End PBXResourcesBuildPhase section */

/* Begin PBXSourcesBuildPhase section */
		F3CAD9DC1CADDC420036B8E9 /* Sources */ = {
			isa = PBXSourcesBuildPhase;
			buildActionMask = 2147483647;
			files = (
				053939821CB45995006D73B5 /* CreateViewController.swift in Sources */,
				053939801CB45995006D73B5 /* EventTableViewController.swift in Sources */,
				F3F34B591CB5750C00FD8F70 /* Model.xcdatamodeld in Sources */,
				F3CAD9E41CADDC420036B8E9 /* AppDelegate.swift in Sources */,
				053939811CB45995006D73B5 /* DetailViewController.swift in Sources */,
			);
			runOnlyForDeploymentPostprocessing = 0;
		};
		F3CAD9F01CADDC420036B8E9 /* Sources */ = {
			isa = PBXSourcesBuildPhase;
			buildActionMask = 2147483647;
			files = (
				F3CAD9F91CADDC420036B8E9 /* GEmockTests.swift in Sources */,
			);
			runOnlyForDeploymentPostprocessing = 0;
		};
		F3CAD9FB1CADDC420036B8E9 /* Sources */ = {
			isa = PBXSourcesBuildPhase;
			buildActionMask = 2147483647;
			files = (
				F3CADA041CADDC420036B8E9 /* GEmockUITests.swift in Sources */,
			);
			runOnlyForDeploymentPostprocessing = 0;
		};
/* End PBXSourcesBuildPhase section */

/* Begin PBXTargetDependency section */
		F3CAD9F61CADDC420036B8E9 /* PBXTargetDependency */ = {
			isa = PBXTargetDependency;
			target = F3CAD9DF1CADDC420036B8E9 /* GEmock */;
			targetProxy = F3CAD9F51CADDC420036B8E9 /* PBXContainerItemProxy */;
		};
		F3CADA011CADDC420036B8E9 /* PBXTargetDependency */ = {
			isa = PBXTargetDependency;
			target = F3CAD9DF1CADDC420036B8E9 /* GEmock */;
			targetProxy = F3CADA001CADDC420036B8E9 /* PBXContainerItemProxy */;
		};
/* End PBXTargetDependency section */

/* Begin PBXVariantGroup section */
		F3CAD9EC1CADDC420036B8E9 /* LaunchScreen.storyboard */ = {
			isa = PBXVariantGroup;
			children = (
				F3CAD9ED1CADDC420036B8E9 /* Base */,
			);
			name = LaunchScreen.storyboard;
			sourceTree = "<group>";
		};
		F3F34B541CB5741000FD8F70 /* Main.storyboard */ = {
			isa = PBXVariantGroup;
			children = (
				F3F34B551CB5741000FD8F70 /* Base */,
			);
			name = Main.storyboard;
			sourceTree = "<group>";
		};
/* End PBXVariantGroup section */

/* Begin XCBuildConfiguration section */
		F3CADA061CADDC420036B8E9 /* Debug */ = {
			isa = XCBuildConfiguration;
			buildSettings = {
				ALWAYS_SEARCH_USER_PATHS = NO;
				CLANG_ANALYZER_NONNULL = YES;
				CLANG_CXX_LANGUAGE_STANDARD = "gnu++0x";
				CLANG_CXX_LIBRARY = "libc++";
				CLANG_ENABLE_MODULES = YES;
				CLANG_ENABLE_OBJC_ARC = YES;
				CLANG_WARN_BOOL_CONVERSION = YES;
				CLANG_WARN_CONSTANT_CONVERSION = YES;
				CLANG_WARN_DIRECT_OBJC_ISA_USAGE = YES_ERROR;
				CLANG_WARN_EMPTY_BODY = YES;
				CLANG_WARN_ENUM_CONVERSION = YES;
				CLANG_WARN_INT_CONVERSION = YES;
				CLANG_WARN_OBJC_ROOT_CLASS = YES_ERROR;
				CLANG_WARN_UNREACHABLE_CODE = YES;
				CLANG_WARN__DUPLICATE_METHOD_MATCH = YES;
				"CODE_SIGN_IDENTITY[sdk=iphoneos*]" = "iPhone Developer";
				COPY_PHASE_STRIP = NO;
				DEBUG_INFORMATION_FORMAT = dwarf;
				ENABLE_STRICT_OBJC_MSGSEND = YES;
				ENABLE_TESTABILITY = YES;
				GCC_C_LANGUAGE_STANDARD = gnu99;
				GCC_DYNAMIC_NO_PIC = NO;
				GCC_NO_COMMON_BLOCKS = YES;
				GCC_OPTIMIZATION_LEVEL = 0;
				GCC_PREPROCESSOR_DEFINITIONS = (
					"DEBUG=1",
					"$(inherited)",
				);
				GCC_WARN_64_TO_32_BIT_CONVERSION = YES;
				GCC_WARN_ABOUT_RETURN_TYPE = YES_ERROR;
				GCC_WARN_UNDECLARED_SELECTOR = YES;
				GCC_WARN_UNINITIALIZED_AUTOS = YES_AGGRESSIVE;
				GCC_WARN_UNUSED_FUNCTION = YES;
				GCC_WARN_UNUSED_VARIABLE = YES;
				IPHONEOS_DEPLOYMENT_TARGET = 9.3;
				MTL_ENABLE_DEBUG_INFO = YES;
				ONLY_ACTIVE_ARCH = YES;
				SDKROOT = iphoneos;
				SWIFT_OPTIMIZATION_LEVEL = "-Onone";
			};
			name = Debug;
		};
		F3CADA071CADDC420036B8E9 /* Release */ = {
			isa = XCBuildConfiguration;
			buildSettings = {
				ALWAYS_SEARCH_USER_PATHS = NO;
				CLANG_ANALYZER_NONNULL = YES;
				CLANG_CXX_LANGUAGE_STANDARD = "gnu++0x";
				CLANG_CXX_LIBRARY = "libc++";
				CLANG_ENABLE_MODULES = YES;
				CLANG_ENABLE_OBJC_ARC = YES;
				CLANG_WARN_BOOL_CONVERSION = YES;
				CLANG_WARN_CONSTANT_CONVERSION = YES;
				CLANG_WARN_DIRECT_OBJC_ISA_USAGE = YES_ERROR;
				CLANG_WARN_EMPTY_BODY = YES;
				CLANG_WARN_ENUM_CONVERSION = YES;
				CLANG_WARN_INT_CONVERSION = YES;
				CLANG_WARN_OBJC_ROOT_CLASS = YES_ERROR;
				CLANG_WARN_UNREACHABLE_CODE = YES;
				CLANG_WARN__DUPLICATE_METHOD_MATCH = YES;
				"CODE_SIGN_IDENTITY[sdk=iphoneos*]" = "iPhone Developer";
				COPY_PHASE_STRIP = NO;
				DEBUG_INFORMATION_FORMAT = "dwarf-with-dsym";
				ENABLE_NS_ASSERTIONS = NO;
				ENABLE_STRICT_OBJC_MSGSEND = YES;
				GCC_C_LANGUAGE_STANDARD = gnu99;
				GCC_NO_COMMON_BLOCKS = YES;
				GCC_WARN_64_TO_32_BIT_CONVERSION = YES;
				GCC_WARN_ABOUT_RETURN_TYPE = YES_ERROR;
				GCC_WARN_UNDECLARED_SELECTOR = YES;
				GCC_WARN_UNINITIALIZED_AUTOS = YES_AGGRESSIVE;
				GCC_WARN_UNUSED_FUNCTION = YES;
				GCC_WARN_UNUSED_VARIABLE = YES;
				IPHONEOS_DEPLOYMENT_TARGET = 9.3;
				MTL_ENABLE_DEBUG_INFO = NO;
				SDKROOT = iphoneos;
				VALIDATE_PRODUCT = YES;
			};
			name = Release;
		};
		F3CADA091CADDC420036B8E9 /* Debug */ = {
			isa = XCBuildConfiguration;
			buildSettings = {
				ASSETCATALOG_COMPILER_APPICON_NAME = AppIcon;
				CODE_SIGN_IDENTITY = "iPhone Developer";
				"CODE_SIGN_IDENTITY[sdk=iphoneos*]" = "iPhone Developer";
				INFOPLIST_FILE = GEmock/Info.plist;
				IPHONEOS_DEPLOYMENT_TARGET = 8.4;
				LD_RUNPATH_SEARCH_PATHS = "$(inherited) @executable_path/Frameworks";
				PRODUCT_BUNDLE_IDENTIFIER = Hao.GEmock;
				PRODUCT_NAME = "$(TARGET_NAME)";
				PROVISIONING_PROFILE = "";
			};
			name = Debug;
		};
		F3CADA0A1CADDC420036B8E9 /* Release */ = {
			isa = XCBuildConfiguration;
			buildSettings = {
				ASSETCATALOG_COMPILER_APPICON_NAME = AppIcon;
				CODE_SIGN_IDENTITY = "iPhone Developer";
				"CODE_SIGN_IDENTITY[sdk=iphoneos*]" = "iPhone Developer";
				INFOPLIST_FILE = GEmock/Info.plist;
				IPHONEOS_DEPLOYMENT_TARGET = 8.4;
				LD_RUNPATH_SEARCH_PATHS = "$(inherited) @executable_path/Frameworks";
				PRODUCT_BUNDLE_IDENTIFIER = Hao.GEmock;
				PRODUCT_NAME = "$(TARGET_NAME)";
				PROVISIONING_PROFILE = "";
			};
			name = Release;
		};
		F3CADA0C1CADDC420036B8E9 /* Debug */ = {
			isa = XCBuildConfiguration;
			buildSettings = {
				BUNDLE_LOADER = "$(TEST_HOST)";
				INFOPLIST_FILE = GEmockTests/Info.plist;
				LD_RUNPATH_SEARCH_PATHS = "$(inherited) @executable_path/Frameworks @loader_path/Frameworks";
				PRODUCT_BUNDLE_IDENTIFIER = "-.GEmockTests";
				PRODUCT_NAME = "$(TARGET_NAME)";
				TEST_HOST = "$(BUILT_PRODUCTS_DIR)/GEmock.app/GEmock";
			};
			name = Debug;
		};
		F3CADA0D1CADDC420036B8E9 /* Release */ = {
			isa = XCBuildConfiguration;
			buildSettings = {
				BUNDLE_LOADER = "$(TEST_HOST)";
				INFOPLIST_FILE = GEmockTests/Info.plist;
				LD_RUNPATH_SEARCH_PATHS = "$(inherited) @executable_path/Frameworks @loader_path/Frameworks";
				PRODUCT_BUNDLE_IDENTIFIER = "-.GEmockTests";
				PRODUCT_NAME = "$(TARGET_NAME)";
				TEST_HOST = "$(BUILT_PRODUCTS_DIR)/GEmock.app/GEmock";
			};
			name = Release;
		};
		F3CADA0F1CADDC420036B8E9 /* Debug */ = {
			isa = XCBuildConfiguration;
			buildSettings = {
				INFOPLIST_FILE = GEmockUITests/Info.plist;
				LD_RUNPATH_SEARCH_PATHS = "$(inherited) @executable_path/Frameworks @loader_path/Frameworks";
				PRODUCT_BUNDLE_IDENTIFIER = "-.GEmockUITests";
				PRODUCT_NAME = "$(TARGET_NAME)";
				TEST_TARGET_NAME = GEmock;
			};
			name = Debug;
		};
		F3CADA101CADDC420036B8E9 /* Release */ = {
			isa = XCBuildConfiguration;
			buildSettings = {
				INFOPLIST_FILE = GEmockUITests/Info.plist;
				LD_RUNPATH_SEARCH_PATHS = "$(inherited) @executable_path/Frameworks @loader_path/Frameworks";
				PRODUCT_BUNDLE_IDENTIFIER = "-.GEmockUITests";
				PRODUCT_NAME = "$(TARGET_NAME)";
				TEST_TARGET_NAME = GEmock;
			};
			name = Release;
		};
/* End XCBuildConfiguration section */

/* Begin XCConfigurationList section */
		F3CAD9DB1CADDC420036B8E9 /* Build configuration list for PBXProject "GEmock" */ = {
			isa = XCConfigurationList;
			buildConfigurations = (
				F3CADA061CADDC420036B8E9 /* Debug */,
				F3CADA071CADDC420036B8E9 /* Release */,
			);
			defaultConfigurationIsVisible = 0;
			defaultConfigurationName = Release;
		};
		F3CADA081CADDC420036B8E9 /* Build configuration list for PBXNativeTarget "GEmock" */ = {
			isa = XCConfigurationList;
			buildConfigurations = (
				F3CADA091CADDC420036B8E9 /* Debug */,
				F3CADA0A1CADDC420036B8E9 /* Release */,
			);
			defaultConfigurationIsVisible = 0;
			defaultConfigurationName = Release;
		};
		F3CADA0B1CADDC420036B8E9 /* Build configuration list for PBXNativeTarget "GEmockTests" */ = {
			isa = XCConfigurationList;
			buildConfigurations = (
				F3CADA0C1CADDC420036B8E9 /* Debug */,
				F3CADA0D1CADDC420036B8E9 /* Release */,
			);
			defaultConfigurationIsVisible = 0;
			defaultConfigurationName = Release;
		};
		F3CADA0E1CADDC420036B8E9 /* Build configuration list for PBXNativeTarget "GEmockUITests" */ = {
			isa = XCConfigurationList;
			buildConfigurations = (
				F3CADA0F1CADDC420036B8E9 /* Debug */,
				F3CADA101CADDC420036B8E9 /* Release */,
			);
			defaultConfigurationIsVisible = 0;
			defaultConfigurationName = Release;
		};
/* End XCConfigurationList section */

/* Begin XCVersionGroup section */
		F3F34B571CB5750C00FD8F70 /* Model.xcdatamodeld */ = {
			isa = XCVersionGroup;
			children = (
				F3F34B581CB5750C00FD8F70 /* Model.xcdatamodel */,
			);
			currentVersion = F3F34B581CB5750C00FD8F70 /* Model.xcdatamodel */;
			path = Model.xcdatamodeld;
			sourceTree = "<group>";
			versionGroupType = wrapper.xcdatamodel;
		};
/* End XCVersionGroup section */
	};
	rootObject = F3CAD9D81CADDC420036B8E9 /* Project object */;
}
